// !$*UTF8*$!
{
	archiveVersion = 1;
	classes = {
	};
	objectVersion = 54;
	objects = {

/* Begin PBXBuildFile section */
		1163C8FC27C5F5B000872712 /* Dataset.swift in Sources */ = {isa = PBXBuildFile; fileRef = 1163C8FB27C5F5B000872712 /* Dataset.swift */; };
		1163C90427C5F5D900872712 /* Cache.swift in Sources */ = {isa = PBXBuildFile; fileRef = 1163C8FD27C5F5D900872712 /* Cache.swift */; };
		1163C90527C5F5D900872712 /* Cache.swift in Sources */ = {isa = PBXBuildFile; fileRef = 1163C8FD27C5F5D900872712 /* Cache.swift */; };
		1163C90627C5F5D900872712 /* Activation.swift in Sources */ = {isa = PBXBuildFile; fileRef = 1163C8FE27C5F5D900872712 /* Activation.swift */; };
		1163C90727C5F5D900872712 /* Activation.swift in Sources */ = {isa = PBXBuildFile; fileRef = 1163C8FE27C5F5D900872712 /* Activation.swift */; };
		1163C90827C5F5D900872712 /* NeuralNet.swift in Sources */ = {isa = PBXBuildFile; fileRef = 1163C8FF27C5F5D900872712 /* NeuralNet.swift */; };
		1163C90927C5F5D900872712 /* NeuralNet.swift in Sources */ = {isa = PBXBuildFile; fileRef = 1163C8FF27C5F5D900872712 /* NeuralNet.swift */; };
		1163C90A27C5F5D900872712 /* Error.swift in Sources */ = {isa = PBXBuildFile; fileRef = 1163C90027C5F5D900872712 /* Error.swift */; };
		1163C90B27C5F5D900872712 /* Error.swift in Sources */ = {isa = PBXBuildFile; fileRef = 1163C90027C5F5D900872712 /* Error.swift */; };
		1163C90C27C5F5D900872712 /* Structure.swift in Sources */ = {isa = PBXBuildFile; fileRef = 1163C90127C5F5D900872712 /* Structure.swift */; };
		1163C90D27C5F5D900872712 /* Structure.swift in Sources */ = {isa = PBXBuildFile; fileRef = 1163C90127C5F5D900872712 /* Structure.swift */; };
		1163C90E27C5F5D900872712 /* Storage.swift in Sources */ = {isa = PBXBuildFile; fileRef = 1163C90227C5F5D900872712 /* Storage.swift */; };
		1163C90F27C5F5D900872712 /* Storage.swift in Sources */ = {isa = PBXBuildFile; fileRef = 1163C90227C5F5D900872712 /* Storage.swift */; };
		1163C91527C5F61100872712 /* DQN.swift in Sources */ = {isa = PBXBuildFile; fileRef = 1163C91427C5F61100872712 /* DQN.swift */; };
		1163C91627C5F61100872712 /* DQN.swift in Sources */ = {isa = PBXBuildFile; fileRef = 1163C91427C5F61100872712 /* DQN.swift */; };
		1163C91827C5F64000872712 /* SnakeReinforcementLearning.swift in Sources */ = {isa = PBXBuildFile; fileRef = 1163C91727C5F64000872712 /* SnakeReinforcementLearning.swift */; };
		1163C91927C5F64000872712 /* SnakeReinforcementLearning.swift in Sources */ = {isa = PBXBuildFile; fileRef = 1163C91727C5F64000872712 /* SnakeReinforcementLearning.swift */; };
		1184F1E1278A3BB000953E7E /* Tests_iOS.swift in Sources */ = {isa = PBXBuildFile; fileRef = 1184F1E0278A3BB000953E7E /* Tests_iOS.swift */; };
		1184F1E3278A3BB000953E7E /* Tests_iOSLaunchTests.swift in Sources */ = {isa = PBXBuildFile; fileRef = 1184F1E2278A3BB000953E7E /* Tests_iOSLaunchTests.swift */; };
		1184F1ED278A3BB000953E7E /* Tests_macOS.swift in Sources */ = {isa = PBXBuildFile; fileRef = 1184F1EC278A3BB000953E7E /* Tests_macOS.swift */; };
		1184F1EF278A3BB000953E7E /* Tests_macOSLaunchTests.swift in Sources */ = {isa = PBXBuildFile; fileRef = 1184F1EE278A3BB000953E7E /* Tests_macOSLaunchTests.swift */; };
		1184F1F0278A3BB000953E7E /* MachineLearning.xcdatamodeld in Sources */ = {isa = PBXBuildFile; fileRef = 1184F1C5278A3BAB00953E7E /* MachineLearning.xcdatamodeld */; };
		1184F1F1278A3BB000953E7E /* MachineLearning.xcdatamodeld in Sources */ = {isa = PBXBuildFile; fileRef = 1184F1C5278A3BAB00953E7E /* MachineLearning.xcdatamodeld */; };
		1184F1F2278A3BB000953E7E /* MachineLearningApp.swift in Sources */ = {isa = PBXBuildFile; fileRef = 1184F1C7278A3BAB00953E7E /* MachineLearningApp.swift */; };
		1184F1F3278A3BB000953E7E /* MachineLearningApp.swift in Sources */ = {isa = PBXBuildFile; fileRef = 1184F1C7278A3BAB00953E7E /* MachineLearningApp.swift */; };
		1184F1F4278A3BB000953E7E /* ContentView.swift in Sources */ = {isa = PBXBuildFile; fileRef = 1184F1C8278A3BAB00953E7E /* ContentView.swift */; };
		1184F1F5278A3BB000953E7E /* ContentView.swift in Sources */ = {isa = PBXBuildFile; fileRef = 1184F1C8278A3BAB00953E7E /* ContentView.swift */; };
		1184F1F6278A3BB000953E7E /* Persistence.swift in Sources */ = {isa = PBXBuildFile; fileRef = 1184F1C9278A3BAB00953E7E /* Persistence.swift */; };
		1184F1F7278A3BB000953E7E /* Persistence.swift in Sources */ = {isa = PBXBuildFile; fileRef = 1184F1C9278A3BAB00953E7E /* Persistence.swift */; };
		1184F1F8278A3BB000953E7E /* Assets.xcassets in Resources */ = {isa = PBXBuildFile; fileRef = 1184F1CA278A3BB000953E7E /* Assets.xcassets */; };
		1184F1F9278A3BB000953E7E /* Assets.xcassets in Resources */ = {isa = PBXBuildFile; fileRef = 1184F1CA278A3BB000953E7E /* Assets.xcassets */; };
		1184F209278A3DCF00953E7E /* GridView.swift in Sources */ = {isa = PBXBuildFile; fileRef = 1184F208278A3DCF00953E7E /* GridView.swift */; };
		1184F20A278A3DCF00953E7E /* GridView.swift in Sources */ = {isa = PBXBuildFile; fileRef = 1184F208278A3DCF00953E7E /* GridView.swift */; };
		1184F20E278A3ED800953E7E /* SnakeEnvironment.swift in Sources */ = {isa = PBXBuildFile; fileRef = 1184F20D278A3ED800953E7E /* SnakeEnvironment.swift */; };
		1184F20F278A3ED800953E7E /* SnakeEnvironment.swift in Sources */ = {isa = PBXBuildFile; fileRef = 1184F20D278A3ED800953E7E /* SnakeEnvironment.swift */; };
		1184F217278A40B300953E7E /* GridSquareView.swift in Sources */ = {isa = PBXBuildFile; fileRef = 1184F216278A40B300953E7E /* GridSquareView.swift */; };
		1184F218278A40B300953E7E /* GridSquareView.swift in Sources */ = {isa = PBXBuildFile; fileRef = 1184F216278A40B300953E7E /* GridSquareView.swift */; };
		1184F223278A45C700953E7E /* Direction.swift in Sources */ = {isa = PBXBuildFile; fileRef = 1184F222278A45C700953E7E /* Direction.swift */; };
		1184F224278A45C700953E7E /* Direction.swift in Sources */ = {isa = PBXBuildFile; fileRef = 1184F222278A45C700953E7E /* Direction.swift */; };
		1184F229278A4F1B00953E7E /* ControlView.swift in Sources */ = {isa = PBXBuildFile; fileRef = 1184F228278A4F1B00953E7E /* ControlView.swift */; };
		1184F22A278A4F1B00953E7E /* ControlView.swift in Sources */ = {isa = PBXBuildFile; fileRef = 1184F228278A4F1B00953E7E /* ControlView.swift */; };
/* End PBXBuildFile section */

/* Begin PBXContainerItemProxy section */
		1184F1DD278A3BB000953E7E /* PBXContainerItemProxy */ = {
			isa = PBXContainerItemProxy;
			containerPortal = 1184F1C0278A3BAA00953E7E /* Project object */;
			proxyType = 1;
			remoteGlobalIDString = 1184F1CE278A3BB000953E7E;
			remoteInfo = "MachineLearning (iOS)";
		};
		1184F1E9278A3BB000953E7E /* PBXContainerItemProxy */ = {
			isa = PBXContainerItemProxy;
			containerPortal = 1184F1C0278A3BAA00953E7E /* Project object */;
			proxyType = 1;
			remoteGlobalIDString = 1184F1D4278A3BB000953E7E;
			remoteInfo = "MachineLearning (macOS)";
		};
/* End PBXContainerItemProxy section */

/* Begin PBXFileReference section */
		1163C8FB27C5F5B000872712 /* Dataset.swift */ = {isa = PBXFileReference; fileEncoding = 4; lastKnownFileType = sourcecode.swift; path = Dataset.swift; sourceTree = "<group>"; };
		1163C8FD27C5F5D900872712 /* Cache.swift */ = {isa = PBXFileReference; fileEncoding = 4; lastKnownFileType = sourcecode.swift; path = Cache.swift; sourceTree = "<group>"; };
		1163C8FE27C5F5D900872712 /* Activation.swift */ = {isa = PBXFileReference; fileEncoding = 4; lastKnownFileType = sourcecode.swift; path = Activation.swift; sourceTree = "<group>"; };
		1163C8FF27C5F5D900872712 /* NeuralNet.swift */ = {isa = PBXFileReference; fileEncoding = 4; lastKnownFileType = sourcecode.swift; path = NeuralNet.swift; sourceTree = "<group>"; };
		1163C90027C5F5D900872712 /* Error.swift */ = {isa = PBXFileReference; fileEncoding = 4; lastKnownFileType = sourcecode.swift; path = Error.swift; sourceTree = "<group>"; };
		1163C90127C5F5D900872712 /* Structure.swift */ = {isa = PBXFileReference; fileEncoding = 4; lastKnownFileType = sourcecode.swift; path = Structure.swift; sourceTree = "<group>"; };
		1163C90227C5F5D900872712 /* Storage.swift */ = {isa = PBXFileReference; fileEncoding = 4; lastKnownFileType = sourcecode.swift; path = Storage.swift; sourceTree = "<group>"; };
		1163C91427C5F61100872712 /* DQN.swift */ = {isa = PBXFileReference; lastKnownFileType = sourcecode.swift; path = DQN.swift; sourceTree = "<group>"; };
		1163C91727C5F64000872712 /* SnakeReinforcementLearning.swift */ = {isa = PBXFileReference; lastKnownFileType = sourcecode.swift; path = SnakeReinforcementLearning.swift; sourceTree = "<group>"; };
		1184F1C6278A3BAB00953E7E /* Shared.xcdatamodel */ = {isa = PBXFileReference; lastKnownFileType = wrapper.xcdatamodel; path = Shared.xcdatamodel; sourceTree = "<group>"; };
		1184F1C7278A3BAB00953E7E /* MachineLearningApp.swift */ = {isa = PBXFileReference; lastKnownFileType = sourcecode.swift; path = MachineLearningApp.swift; sourceTree = "<group>"; };
		1184F1C8278A3BAB00953E7E /* ContentView.swift */ = {isa = PBXFileReference; lastKnownFileType = sourcecode.swift; path = ContentView.swift; sourceTree = "<group>"; };
		1184F1C9278A3BAB00953E7E /* Persistence.swift */ = {isa = PBXFileReference; lastKnownFileType = sourcecode.swift; path = Persistence.swift; sourceTree = "<group>"; };
		1184F1CA278A3BB000953E7E /* Assets.xcassets */ = {isa = PBXFileReference; lastKnownFileType = folder.assetcatalog; path = Assets.xcassets; sourceTree = "<group>"; };
		1184F1CF278A3BB000953E7E /* MachineLearning.app */ = {isa = PBXFileReference; explicitFileType = wrapper.application; includeInIndex = 0; path = MachineLearning.app; sourceTree = BUILT_PRODUCTS_DIR; };
		1184F1D5278A3BB000953E7E /* MachineLearning.app */ = {isa = PBXFileReference; explicitFileType = wrapper.application; includeInIndex = 0; path = MachineLearning.app; sourceTree = BUILT_PRODUCTS_DIR; };
		1184F1D7278A3BB000953E7E /* macOS.entitlements */ = {isa = PBXFileReference; lastKnownFileType = text.plist.entitlements; path = macOS.entitlements; sourceTree = "<group>"; };
		1184F1DC278A3BB000953E7E /* Tests iOS.xctest */ = {isa = PBXFileReference; explicitFileType = wrapper.cfbundle; includeInIndex = 0; path = "Tests iOS.xctest"; sourceTree = BUILT_PRODUCTS_DIR; };
		1184F1E0278A3BB000953E7E /* Tests_iOS.swift */ = {isa = PBXFileReference; lastKnownFileType = sourcecode.swift; path = Tests_iOS.swift; sourceTree = "<group>"; };
		1184F1E2278A3BB000953E7E /* Tests_iOSLaunchTests.swift */ = {isa = PBXFileReference; lastKnownFileType = sourcecode.swift; path = Tests_iOSLaunchTests.swift; sourceTree = "<group>"; };
		1184F1E8278A3BB000953E7E /* Tests macOS.xctest */ = {isa = PBXFileReference; explicitFileType = wrapper.cfbundle; includeInIndex = 0; path = "Tests macOS.xctest"; sourceTree = BUILT_PRODUCTS_DIR; };
		1184F1EC278A3BB000953E7E /* Tests_macOS.swift */ = {isa = PBXFileReference; lastKnownFileType = sourcecode.swift; path = Tests_macOS.swift; sourceTree = "<group>"; };
		1184F1EE278A3BB000953E7E /* Tests_macOSLaunchTests.swift */ = {isa = PBXFileReference; lastKnownFileType = sourcecode.swift; path = Tests_macOSLaunchTests.swift; sourceTree = "<group>"; };
		1184F208278A3DCF00953E7E /* GridView.swift */ = {isa = PBXFileReference; lastKnownFileType = sourcecode.swift; path = GridView.swift; sourceTree = "<group>"; };
		1184F20D278A3ED800953E7E /* SnakeEnvironment.swift */ = {isa = PBXFileReference; lastKnownFileType = sourcecode.swift; path = SnakeEnvironment.swift; sourceTree = "<group>"; };
		1184F216278A40B300953E7E /* GridSquareView.swift */ = {isa = PBXFileReference; lastKnownFileType = sourcecode.swift; path = GridSquareView.swift; sourceTree = "<group>"; };
		1184F222278A45C700953E7E /* Direction.swift */ = {isa = PBXFileReference; lastKnownFileType = sourcecode.swift; path = Direction.swift; sourceTree = "<group>"; };
		1184F228278A4F1B00953E7E /* ControlView.swift */ = {isa = PBXFileReference; lastKnownFileType = sourcecode.swift; path = ControlView.swift; sourceTree = "<group>"; };
/* End PBXFileReference section */

/* Begin PBXFrameworksBuildPhase section */
		1184F1CC278A3BB000953E7E /* Frameworks */ = {
			isa = PBXFrameworksBuildPhase;
			buildActionMask = 2147483647;
			files = (
			);
			runOnlyForDeploymentPostprocessing = 0;
		};
		1184F1D2278A3BB000953E7E /* Frameworks */ = {
			isa = PBXFrameworksBuildPhase;
			buildActionMask = 2147483647;
			files = (
			);
			runOnlyForDeploymentPostprocessing = 0;
		};
		1184F1D9278A3BB000953E7E /* Frameworks */ = {
			isa = PBXFrameworksBuildPhase;
			buildActionMask = 2147483647;
			files = (
			);
			runOnlyForDeploymentPostprocessing = 0;
		};
		1184F1E5278A3BB000953E7E /* Frameworks */ = {
			isa = PBXFrameworksBuildPhase;
			buildActionMask = 2147483647;
			files = (
			);
			runOnlyForDeploymentPostprocessing = 0;
		};
/* End PBXFrameworksBuildPhase section */

/* Begin PBXGroup section */
		1163C8FA27C5F5A800872712 /* NeuralNet */ = {
			isa = PBXGroup;
			children = (
				1163C8FE27C5F5D900872712 /* Activation.swift */,
				1163C8FD27C5F5D900872712 /* Cache.swift */,
				1163C90027C5F5D900872712 /* Error.swift */,
				1163C8FF27C5F5D900872712 /* NeuralNet.swift */,
				1163C90227C5F5D900872712 /* Storage.swift */,
				1163C90127C5F5D900872712 /* Structure.swift */,
				1163C8FB27C5F5B000872712 /* Dataset.swift */,
			);
			path = NeuralNet;
			sourceTree = "<group>";
		};
		1184F1BF278A3BAA00953E7E = {
			isa = PBXGroup;
			children = (
				1184F1C4278A3BAB00953E7E /* Shared */,
				1184F1D6278A3BB000953E7E /* macOS */,
				1184F1DF278A3BB000953E7E /* Tests iOS */,
				1184F1EB278A3BB000953E7E /* Tests macOS */,
				1184F1D0278A3BB000953E7E /* Products */,
			);
			sourceTree = "<group>";
		};
		1184F1C4278A3BAB00953E7E /* Shared */ = {
			isa = PBXGroup;
			children = (
				1163C8FA27C5F5A800872712 /* NeuralNet */,
				1184F20C278A3EC600953E7E /* Models */,
				1184F20B278A3EBF00953E7E /* Views */,
				1184F1C9278A3BAB00953E7E /* Persistence.swift */,
				1184F1CA278A3BB000953E7E /* Assets.xcassets */,
				1184F1C5278A3BAB00953E7E /* MachineLearning.xcdatamodeld */,
			);
			path = Shared;
			sourceTree = "<group>";
		};
		1184F1D0278A3BB000953E7E /* Products */ = {
			isa = PBXGroup;
			children = (
				1184F1CF278A3BB000953E7E /* MachineLearning.app */,
				1184F1D5278A3BB000953E7E /* MachineLearning.app */,
				1184F1DC278A3BB000953E7E /* Tests iOS.xctest */,
				1184F1E8278A3BB000953E7E /* Tests macOS.xctest */,
			);
			name = Products;
			sourceTree = "<group>";
		};
		1184F1D6278A3BB000953E7E /* macOS */ = {
			isa = PBXGroup;
			children = (
				1184F1D7278A3BB000953E7E /* macOS.entitlements */,
			);
			path = macOS;
			sourceTree = "<group>";
		};
		1184F1DF278A3BB000953E7E /* Tests iOS */ = {
			isa = PBXGroup;
			children = (
				1184F1E0278A3BB000953E7E /* Tests_iOS.swift */,
				1184F1E2278A3BB000953E7E /* Tests_iOSLaunchTests.swift */,
			);
			path = "Tests iOS";
			sourceTree = "<group>";
		};
		1184F1EB278A3BB000953E7E /* Tests macOS */ = {
			isa = PBXGroup;
			children = (
				1184F1EC278A3BB000953E7E /* Tests_macOS.swift */,
				1184F1EE278A3BB000953E7E /* Tests_macOSLaunchTests.swift */,
			);
			path = "Tests macOS";
			sourceTree = "<group>";
		};
		1184F20B278A3EBF00953E7E /* Views */ = {
			isa = PBXGroup;
			children = (
				1184F1C7278A3BAB00953E7E /* MachineLearningApp.swift */,
				1184F1C8278A3BAB00953E7E /* ContentView.swift */,
				1184F208278A3DCF00953E7E /* GridView.swift */,
				1184F216278A40B300953E7E /* GridSquareView.swift */,
				1184F228278A4F1B00953E7E /* ControlView.swift */,
			);
			path = Views;
			sourceTree = "<group>";
		};
		1184F20C278A3EC600953E7E /* Models */ = {
			isa = PBXGroup;
			children = (
				1184F20D278A3ED800953E7E /* SnakeEnvironment.swift */,
				1184F222278A45C700953E7E /* Direction.swift */,
				1163C91427C5F61100872712 /* DQN.swift */,
				1163C91727C5F64000872712 /* SnakeReinforcementLearning.swift */,
			);
			path = Models;
			sourceTree = "<group>";
		};
/* End PBXGroup section */

/* Begin PBXNativeTarget section */
		1184F1CE278A3BB000953E7E /* MachineLearning (iOS) */ = {
			isa = PBXNativeTarget;
			buildConfigurationList = 1184F1FC278A3BB000953E7E /* Build configuration list for PBXNativeTarget "MachineLearning (iOS)" */;
			buildPhases = (
				1184F1CB278A3BB000953E7E /* Sources */,
				1184F1CC278A3BB000953E7E /* Frameworks */,
				1184F1CD278A3BB000953E7E /* Resources */,
			);
			buildRules = (
			);
			dependencies = (
			);
			name = "MachineLearning (iOS)";
			productName = "MachineLearning (iOS)";
			productReference = 1184F1CF278A3BB000953E7E /* MachineLearning.app */;
			productType = "com.apple.product-type.application";
		};
		1184F1D4278A3BB000953E7E /* MachineLearning (macOS) */ = {
			isa = PBXNativeTarget;
			buildConfigurationList = 1184F1FF278A3BB000953E7E /* Build configuration list for PBXNativeTarget "MachineLearning (macOS)" */;
			buildPhases = (
				1184F1D1278A3BB000953E7E /* Sources */,
				1184F1D2278A3BB000953E7E /* Frameworks */,
				1184F1D3278A3BB000953E7E /* Resources */,
			);
			buildRules = (
			);
			dependencies = (
			);
			name = "MachineLearning (macOS)";
			productName = "MachineLearning (macOS)";
			productReference = 1184F1D5278A3BB000953E7E /* MachineLearning.app */;
			productType = "com.apple.product-type.application";
		};
		1184F1DB278A3BB000953E7E /* Tests iOS */ = {
			isa = PBXNativeTarget;
			buildConfigurationList = 1184F202278A3BB000953E7E /* Build configuration list for PBXNativeTarget "Tests iOS" */;
			buildPhases = (
				1184F1D8278A3BB000953E7E /* Sources */,
				1184F1D9278A3BB000953E7E /* Frameworks */,
				1184F1DA278A3BB000953E7E /* Resources */,
			);
			buildRules = (
			);
			dependencies = (
				1184F1DE278A3BB000953E7E /* PBXTargetDependency */,
			);
			name = "Tests iOS";
			productName = "Tests iOS";
			productReference = 1184F1DC278A3BB000953E7E /* Tests iOS.xctest */;
			productType = "com.apple.product-type.bundle.ui-testing";
		};
		1184F1E7278A3BB000953E7E /* Tests macOS */ = {
			isa = PBXNativeTarget;
			buildConfigurationList = 1184F205278A3BB000953E7E /* Build configuration list for PBXNativeTarget "Tests macOS" */;
			buildPhases = (
				1184F1E4278A3BB000953E7E /* Sources */,
				1184F1E5278A3BB000953E7E /* Frameworks */,
				1184F1E6278A3BB000953E7E /* Resources */,
			);
			buildRules = (
			);
			dependencies = (
				1184F1EA278A3BB000953E7E /* PBXTargetDependency */,
			);
			name = "Tests macOS";
			productName = "Tests macOS";
			productReference = 1184F1E8278A3BB000953E7E /* Tests macOS.xctest */;
			productType = "com.apple.product-type.bundle.ui-testing";
		};
/* End PBXNativeTarget section */

/* Begin PBXProject section */
		1184F1C0278A3BAA00953E7E /* Project object */ = {
			isa = PBXProject;
			attributes = {
				BuildIndependentTargetsInParallel = 1;
				LastSwiftUpdateCheck = 1320;
				LastUpgradeCheck = 1320;
				TargetAttributes = {
					1184F1CE278A3BB000953E7E = {
						CreatedOnToolsVersion = 13.2.1;
					};
					1184F1D4278A3BB000953E7E = {
						CreatedOnToolsVersion = 13.2.1;
					};
					1184F1DB278A3BB000953E7E = {
						CreatedOnToolsVersion = 13.2.1;
						TestTargetID = 1184F1CE278A3BB000953E7E;
					};
					1184F1E7278A3BB000953E7E = {
						CreatedOnToolsVersion = 13.2.1;
						TestTargetID = 1184F1D4278A3BB000953E7E;
					};
				};
			};
			buildConfigurationList = 1184F1C3278A3BAA00953E7E /* Build configuration list for PBXProject "MachineLearning" */;
			compatibilityVersion = "Xcode 12.0";
			developmentRegion = en;
			hasScannedForEncodings = 0;
			knownRegions = (
				en,
				Base,
			);
			mainGroup = 1184F1BF278A3BAA00953E7E;
			productRefGroup = 1184F1D0278A3BB000953E7E /* Products */;
			projectDirPath = "";
			projectRoot = "";
			targets = (
				1184F1CE278A3BB000953E7E /* MachineLearning (iOS) */,
				1184F1D4278A3BB000953E7E /* MachineLearning (macOS) */,
				1184F1DB278A3BB000953E7E /* Tests iOS */,
				1184F1E7278A3BB000953E7E /* Tests macOS */,
			);
		};
/* End PBXProject section */

/* Begin PBXResourcesBuildPhase section */
		1184F1CD278A3BB000953E7E /* Resources */ = {
			isa = PBXResourcesBuildPhase;
			buildActionMask = 2147483647;
			files = (
				1184F1F8278A3BB000953E7E /* Assets.xcassets in Resources */,
			);
			runOnlyForDeploymentPostprocessing = 0;
		};
		1184F1D3278A3BB000953E7E /* Resources */ = {
			isa = PBXResourcesBuildPhase;
			buildActionMask = 2147483647;
			files = (
				1184F1F9278A3BB000953E7E /* Assets.xcassets in Resources */,
			);
			runOnlyForDeploymentPostprocessing = 0;
		};
		1184F1DA278A3BB000953E7E /* Resources */ = {
			isa = PBXResourcesBuildPhase;
			buildActionMask = 2147483647;
			files = (
			);
			runOnlyForDeploymentPostprocessing = 0;
		};
		1184F1E6278A3BB000953E7E /* Resources */ = {
			isa = PBXResourcesBuildPhase;
			buildActionMask = 2147483647;
			files = (
			);
			runOnlyForDeploymentPostprocessing = 0;
		};
/* End PBXResourcesBuildPhase section */

/* Begin PBXSourcesBuildPhase section */
		1184F1CB278A3BB000953E7E /* Sources */ = {
			isa = PBXSourcesBuildPhase;
			buildActionMask = 2147483647;
			files = (
				1184F209278A3DCF00953E7E /* GridView.swift in Sources */,
				1163C90627C5F5D900872712 /* Activation.swift in Sources */,
				1163C90C27C5F5D900872712 /* Structure.swift in Sources */,
				1184F217278A40B300953E7E /* GridSquareView.swift in Sources */,
				1163C91827C5F64000872712 /* SnakeReinforcementLearning.swift in Sources */,
				1184F1F0278A3BB000953E7E /* MachineLearning.xcdatamodeld in Sources */,
				1184F20E278A3ED800953E7E /* SnakeEnvironment.swift in Sources */,
				1163C90427C5F5D900872712 /* Cache.swift in Sources */,
				1184F1F6278A3BB000953E7E /* Persistence.swift in Sources */,
				1184F1F2278A3BB000953E7E /* MachineLearningApp.swift in Sources */,
				1163C8FC27C5F5B000872712 /* Dataset.swift in Sources */,
				1163C91527C5F61100872712 /* DQN.swift in Sources */,
				1184F1F4278A3BB000953E7E /* ContentView.swift in Sources */,
				1163C90827C5F5D900872712 /* NeuralNet.swift in Sources */,
				1184F229278A4F1B00953E7E /* ControlView.swift in Sources */,
				1163C90E27C5F5D900872712 /* Storage.swift in Sources */,
				1163C90A27C5F5D900872712 /* Error.swift in Sources */,
				1184F223278A45C700953E7E /* Direction.swift in Sources */,
			);
			runOnlyForDeploymentPostprocessing = 0;
		};
		1184F1D1278A3BB000953E7E /* Sources */ = {
			isa = PBXSourcesBuildPhase;
			buildActionMask = 2147483647;
			files = (
				1184F20A278A3DCF00953E7E /* GridView.swift in Sources */,
				1184F218278A40B300953E7E /* GridSquareView.swift in Sources */,
				1184F1F1278A3BB000953E7E /* MachineLearning.xcdatamodeld in Sources */,
				1163C90B27C5F5D900872712 /* Error.swift in Sources */,
				1184F20F278A3ED800953E7E /* SnakeEnvironment.swift in Sources */,
				1163C90D27C5F5D900872712 /* Structure.swift in Sources */,
				1184F1F7278A3BB000953E7E /* Persistence.swift in Sources */,
				1163C91627C5F61100872712 /* DQN.swift in Sources */,
				1184F1F3278A3BB000953E7E /* MachineLearningApp.swift in Sources */,
				1163C90527C5F5D900872712 /* Cache.swift in Sources */,
				1184F1F5278A3BB000953E7E /* ContentView.swift in Sources */,
				1163C90927C5F5D900872712 /* NeuralNet.swift in Sources */,
				1184F22A278A4F1B00953E7E /* ControlView.swift in Sources */,
				1163C90727C5F5D900872712 /* Activation.swift in Sources */,
				1184F224278A45C700953E7E /* Direction.swift in Sources */,
				1163C91927C5F64000872712 /* SnakeReinforcementLearning.swift in Sources */,
				1163C90F27C5F5D900872712 /* Storage.swift in Sources */,
			);
			runOnlyForDeploymentPostprocessing = 0;
		};
		1184F1D8278A3BB000953E7E /* Sources */ = {
			isa = PBXSourcesBuildPhase;
			buildActionMask = 2147483647;
			files = (
				1184F1E3278A3BB000953E7E /* Tests_iOSLaunchTests.swift in Sources */,
				1184F1E1278A3BB000953E7E /* Tests_iOS.swift in Sources */,
			);
			runOnlyForDeploymentPostprocessing = 0;
		};
		1184F1E4278A3BB000953E7E /* Sources */ = {
			isa = PBXSourcesBuildPhase;
			buildActionMask = 2147483647;
			files = (
				1184F1EF278A3BB000953E7E /* Tests_macOSLaunchTests.swift in Sources */,
				1184F1ED278A3BB000953E7E /* Tests_macOS.swift in Sources */,
			);
			runOnlyForDeploymentPostprocessing = 0;
		};
/* End PBXSourcesBuildPhase section */

/* Begin PBXTargetDependency section */
		1184F1DE278A3BB000953E7E /* PBXTargetDependency */ = {
			isa = PBXTargetDependency;
			target = 1184F1CE278A3BB000953E7E /* MachineLearning (iOS) */;
			targetProxy = 1184F1DD278A3BB000953E7E /* PBXContainerItemProxy */;
		};
		1184F1EA278A3BB000953E7E /* PBXTargetDependency */ = {
			isa = PBXTargetDependency;
			target = 1184F1D4278A3BB000953E7E /* MachineLearning (macOS) */;
			targetProxy = 1184F1E9278A3BB000953E7E /* PBXContainerItemProxy */;
		};
/* End PBXTargetDependency section */

/* Begin XCBuildConfiguration section */
		1184F1FA278A3BB000953E7E /* Debug */ = {
			isa = XCBuildConfiguration;
			buildSettings = {
				ALWAYS_SEARCH_USER_PATHS = NO;
				CLANG_ANALYZER_NONNULL = YES;
				CLANG_ANALYZER_NUMBER_OBJECT_CONVERSION = YES_AGGRESSIVE;
				CLANG_CXX_LANGUAGE_STANDARD = "gnu++17";
				CLANG_CXX_LIBRARY = "libc++";
				CLANG_ENABLE_MODULES = YES;
				CLANG_ENABLE_OBJC_ARC = YES;
				CLANG_ENABLE_OBJC_WEAK = YES;
				CLANG_WARN_BLOCK_CAPTURE_AUTORELEASING = YES;
				CLANG_WARN_BOOL_CONVERSION = YES;
				CLANG_WARN_COMMA = YES;
				CLANG_WARN_CONSTANT_CONVERSION = YES;
				CLANG_WARN_DEPRECATED_OBJC_IMPLEMENTATIONS = YES;
				CLANG_WARN_DIRECT_OBJC_ISA_USAGE = YES_ERROR;
				CLANG_WARN_DOCUMENTATION_COMMENTS = YES;
				CLANG_WARN_EMPTY_BODY = YES;
				CLANG_WARN_ENUM_CONVERSION = YES;
				CLANG_WARN_INFINITE_RECURSION = YES;
				CLANG_WARN_INT_CONVERSION = YES;
				CLANG_WARN_NON_LITERAL_NULL_CONVERSION = YES;
				CLANG_WARN_OBJC_IMPLICIT_RETAIN_SELF = YES;
				CLANG_WARN_OBJC_LITERAL_CONVERSION = YES;
				CLANG_WARN_OBJC_ROOT_CLASS = YES_ERROR;
				CLANG_WARN_QUOTED_INCLUDE_IN_FRAMEWORK_HEADER = YES;
				CLANG_WARN_RANGE_LOOP_ANALYSIS = YES;
				CLANG_WARN_STRICT_PROTOTYPES = YES;
				CLANG_WARN_SUSPICIOUS_MOVE = YES;
				CLANG_WARN_UNGUARDED_AVAILABILITY = YES_AGGRESSIVE;
				CLANG_WARN_UNREACHABLE_CODE = YES;
				CLANG_WARN__DUPLICATE_METHOD_MATCH = YES;
				COPY_PHASE_STRIP = NO;
				DEBUG_INFORMATION_FORMAT = dwarf;
				ENABLE_STRICT_OBJC_MSGSEND = YES;
				ENABLE_TESTABILITY = YES;
				GCC_C_LANGUAGE_STANDARD = gnu11;
				GCC_DYNAMIC_NO_PIC = NO;
				GCC_NO_COMMON_BLOCKS = YES;
				GCC_OPTIMIZATION_LEVEL = 0;
				GCC_PREPROCESSOR_DEFINITIONS = (
					"DEBUG=1",
					"$(inherited)",
				);
				GCC_WARN_64_TO_32_BIT_CONVERSION = YES;
				GCC_WARN_ABOUT_RETURN_TYPE = YES_ERROR;
				GCC_WARN_UNDECLARED_SELECTOR = YES;
				GCC_WARN_UNINITIALIZED_AUTOS = YES_AGGRESSIVE;
				GCC_WARN_UNUSED_FUNCTION = YES;
				GCC_WARN_UNUSED_VARIABLE = YES;
				MTL_ENABLE_DEBUG_INFO = INCLUDE_SOURCE;
				MTL_FAST_MATH = YES;
				ONLY_ACTIVE_ARCH = YES;
				SWIFT_ACTIVE_COMPILATION_CONDITIONS = DEBUG;
				SWIFT_OPTIMIZATION_LEVEL = "-Onone";
			};
			name = Debug;
		};
		1184F1FB278A3BB000953E7E /* Release */ = {
			isa = XCBuildConfiguration;
			buildSettings = {
				ALWAYS_SEARCH_USER_PATHS = NO;
				CLANG_ANALYZER_NONNULL = YES;
				CLANG_ANALYZER_NUMBER_OBJECT_CONVERSION = YES_AGGRESSIVE;
				CLANG_CXX_LANGUAGE_STANDARD = "gnu++17";
				CLANG_CXX_LIBRARY = "libc++";
				CLANG_ENABLE_MODULES = YES;
				CLANG_ENABLE_OBJC_ARC = YES;
				CLANG_ENABLE_OBJC_WEAK = YES;
				CLANG_WARN_BLOCK_CAPTURE_AUTORELEASING = YES;
				CLANG_WARN_BOOL_CONVERSION = YES;
				CLANG_WARN_COMMA = YES;
				CLANG_WARN_CONSTANT_CONVERSION = YES;
				CLANG_WARN_DEPRECATED_OBJC_IMPLEMENTATIONS = YES;
				CLANG_WARN_DIRECT_OBJC_ISA_USAGE = YES_ERROR;
				CLANG_WARN_DOCUMENTATION_COMMENTS = YES;
				CLANG_WARN_EMPTY_BODY = YES;
				CLANG_WARN_ENUM_CONVERSION = YES;
				CLANG_WARN_INFINITE_RECURSION = YES;
				CLANG_WARN_INT_CONVERSION = YES;
				CLANG_WARN_NON_LITERAL_NULL_CONVERSION = YES;
				CLANG_WARN_OBJC_IMPLICIT_RETAIN_SELF = YES;
				CLANG_WARN_OBJC_LITERAL_CONVERSION = YES;
				CLANG_WARN_OBJC_ROOT_CLASS = YES_ERROR;
				CLANG_WARN_QUOTED_INCLUDE_IN_FRAMEWORK_HEADER = YES;
				CLANG_WARN_RANGE_LOOP_ANALYSIS = YES;
				CLANG_WARN_STRICT_PROTOTYPES = YES;
				CLANG_WARN_SUSPICIOUS_MOVE = YES;
				CLANG_WARN_UNGUARDED_AVAILABILITY = YES_AGGRESSIVE;
				CLANG_WARN_UNREACHABLE_CODE = YES;
				CLANG_WARN__DUPLICATE_METHOD_MATCH = YES;
				COPY_PHASE_STRIP = NO;
				DEBUG_INFORMATION_FORMAT = "dwarf-with-dsym";
				ENABLE_NS_ASSERTIONS = NO;
				ENABLE_STRICT_OBJC_MSGSEND = YES;
				GCC_C_LANGUAGE_STANDARD = gnu11;
				GCC_NO_COMMON_BLOCKS = YES;
				GCC_WARN_64_TO_32_BIT_CONVERSION = YES;
				GCC_WARN_ABOUT_RETURN_TYPE = YES_ERROR;
				GCC_WARN_UNDECLARED_SELECTOR = YES;
				GCC_WARN_UNINITIALIZED_AUTOS = YES_AGGRESSIVE;
				GCC_WARN_UNUSED_FUNCTION = YES;
				GCC_WARN_UNUSED_VARIABLE = YES;
				MTL_ENABLE_DEBUG_INFO = NO;
				MTL_FAST_MATH = YES;
				SWIFT_COMPILATION_MODE = wholemodule;
				SWIFT_OPTIMIZATION_LEVEL = "-O";
			};
			name = Release;
		};
		1184F1FD278A3BB000953E7E /* Debug */ = {
			isa = XCBuildConfiguration;
			buildSettings = {
				ASSETCATALOG_COMPILER_APPICON_NAME = AppIcon;
				ASSETCATALOG_COMPILER_GLOBAL_ACCENT_COLOR_NAME = AccentColor;
				CODE_SIGN_IDENTITY = "Apple Development";
				CODE_SIGN_STYLE = Automatic;
				CURRENT_PROJECT_VERSION = 1;
				DEVELOPMENT_TEAM = YBZ4GQ73KA;
				ENABLE_PREVIEWS = YES;
				GENERATE_INFOPLIST_FILE = YES;
				INFOPLIST_KEY_UIApplicationSceneManifest_Generation = YES;
				INFOPLIST_KEY_UIApplicationSupportsIndirectInputEvents = YES;
				INFOPLIST_KEY_UILaunchScreen_Generation = YES;
				INFOPLIST_KEY_UISupportedInterfaceOrientations_iPad = "UIInterfaceOrientationPortrait UIInterfaceOrientationPortraitUpsideDown UIInterfaceOrientationLandscapeLeft UIInterfaceOrientationLandscapeRight";
				INFOPLIST_KEY_UISupportedInterfaceOrientations_iPhone = "UIInterfaceOrientationPortrait UIInterfaceOrientationLandscapeLeft UIInterfaceOrientationLandscapeRight";
				IPHONEOS_DEPLOYMENT_TARGET = 14.0;
				LD_RUNPATH_SEARCH_PATHS = (
					"$(inherited)",
					"@executable_path/Frameworks",
				);
				MARKETING_VERSION = 1.0;
				PRODUCT_BUNDLE_IDENTIFIER = edu.capital.nmolby.MachineLearning;
				PRODUCT_NAME = MachineLearning;
				PROVISIONING_PROFILE_SPECIFIER = "";
				SDKROOT = iphoneos;
				SWIFT_EMIT_LOC_STRINGS = YES;
				SWIFT_VERSION = 5.0;
				TARGETED_DEVICE_FAMILY = "1,2";
			};
			name = Debug;
		};
		1184F1FE278A3BB000953E7E /* Release */ = {
			isa = XCBuildConfiguration;
			buildSettings = {
				ASSETCATALOG_COMPILER_APPICON_NAME = AppIcon;
				ASSETCATALOG_COMPILER_GLOBAL_ACCENT_COLOR_NAME = AccentColor;
				CODE_SIGN_IDENTITY = "Apple Development";
				CODE_SIGN_STYLE = Automatic;
				CURRENT_PROJECT_VERSION = 1;
				DEVELOPMENT_TEAM = YBZ4GQ73KA;
				ENABLE_PREVIEWS = YES;
				GENERATE_INFOPLIST_FILE = YES;
				INFOPLIST_KEY_UIApplicationSceneManifest_Generation = YES;
				INFOPLIST_KEY_UIApplicationSupportsIndirectInputEvents = YES;
				INFOPLIST_KEY_UILaunchScreen_Generation = YES;
				INFOPLIST_KEY_UISupportedInterfaceOrientations_iPad = "UIInterfaceOrientationPortrait UIInterfaceOrientationPortraitUpsideDown UIInterfaceOrientationLandscapeLeft UIInterfaceOrientationLandscapeRight";
				INFOPLIST_KEY_UISupportedInterfaceOrientations_iPhone = "UIInterfaceOrientationPortrait UIInterfaceOrientationLandscapeLeft UIInterfaceOrientationLandscapeRight";
				IPHONEOS_DEPLOYMENT_TARGET = 14.0;
				LD_RUNPATH_SEARCH_PATHS = (
					"$(inherited)",
					"@executable_path/Frameworks",
				);
				MARKETING_VERSION = 1.0;
				PRODUCT_BUNDLE_IDENTIFIER = edu.capital.nmolby.MachineLearning;
				PRODUCT_NAME = MachineLearning;
				PROVISIONING_PROFILE_SPECIFIER = "";
				SDKROOT = iphoneos;
				SWIFT_EMIT_LOC_STRINGS = YES;
				SWIFT_VERSION = 5.0;
				TARGETED_DEVICE_FAMILY = "1,2";
				VALIDATE_PRODUCT = YES;
			};
			name = Release;
		};
		1184F200278A3BB000953E7E /* Debug */ = {
			isa = XCBuildConfiguration;
			buildSettings = {
				ASSETCATALOG_COMPILER_APPICON_NAME = AppIcon;
				ASSETCATALOG_COMPILER_GLOBAL_ACCENT_COLOR_NAME = AccentColor;
				CODE_SIGN_ENTITLEMENTS = macOS/macOS.entitlements;
				CODE_SIGN_STYLE = Automatic;
				COMBINE_HIDPI_IMAGES = YES;
				CURRENT_PROJECT_VERSION = 1;
				DEVELOPMENT_TEAM = YBZ4GQ73KA;
				ENABLE_HARDENED_RUNTIME = YES;
				ENABLE_PREVIEWS = YES;
				GENERATE_INFOPLIST_FILE = YES;
				INFOPLIST_KEY_NSHumanReadableCopyright = "";
				LD_RUNPATH_SEARCH_PATHS = (
					"$(inherited)",
					"@executable_path/../Frameworks",
				);
				MACOSX_DEPLOYMENT_TARGET = 12.0;
				MARKETING_VERSION = 1.0;
				PRODUCT_BUNDLE_IDENTIFIER = edu.capital.nmolby.MachineLearning;
				PRODUCT_NAME = MachineLearning;
				SDKROOT = macosx;
				SWIFT_EMIT_LOC_STRINGS = YES;
				SWIFT_VERSION = 5.0;
			};
			name = Debug;
		};
		1184F201278A3BB000953E7E /* Release */ = {
			isa = XCBuildConfiguration;
			buildSettings = {
				ASSETCATALOG_COMPILER_APPICON_NAME = AppIcon;
				ASSETCATALOG_COMPILER_GLOBAL_ACCENT_COLOR_NAME = AccentColor;
				CODE_SIGN_ENTITLEMENTS = macOS/macOS.entitlements;
				CODE_SIGN_STYLE = Automatic;
				COMBINE_HIDPI_IMAGES = YES;
				CURRENT_PROJECT_VERSION = 1;
				DEVELOPMENT_TEAM = YBZ4GQ73KA;
				ENABLE_HARDENED_RUNTIME = YES;
				ENABLE_PREVIEWS = YES;
				GENERATE_INFOPLIST_FILE = YES;
				INFOPLIST_KEY_NSHumanReadableCopyright = "";
				LD_RUNPATH_SEARCH_PATHS = (
					"$(inherited)",
					"@executable_path/../Frameworks",
				);
				MACOSX_DEPLOYMENT_TARGET = 12.0;
				MARKETING_VERSION = 1.0;
				PRODUCT_BUNDLE_IDENTIFIER = edu.capital.nmolby.MachineLearning;
				PRODUCT_NAME = MachineLearning;
				SDKROOT = macosx;
				SWIFT_EMIT_LOC_STRINGS = YES;
				SWIFT_VERSION = 5.0;
			};
			name = Release;
		};
		1184F203278A3BB000953E7E /* Debug */ = {
			isa = XCBuildConfiguration;
			buildSettings = {
				ALWAYS_EMBED_SWIFT_STANDARD_LIBRARIES = YES;
				CODE_SIGN_STYLE = Automatic;
				CURRENT_PROJECT_VERSION = 1;
				DEVELOPMENT_TEAM = YBZ4GQ73KA;
				GENERATE_INFOPLIST_FILE = YES;
				IPHONEOS_DEPLOYMENT_TARGET = 15.2;
				MARKETING_VERSION = 1.0;
				PRODUCT_BUNDLE_IDENTIFIER = "edu.capital.nmolby.Tests-iOS";
				PRODUCT_NAME = "$(TARGET_NAME)";
				SDKROOT = iphoneos;
				SWIFT_EMIT_LOC_STRINGS = NO;
				SWIFT_VERSION = 5.0;
				TARGETED_DEVICE_FAMILY = "1,2";
				TEST_TARGET_NAME = "MachineLearning (iOS)";
			};
			name = Debug;
		};
		1184F204278A3BB000953E7E /* Release */ = {
			isa = XCBuildConfiguration;
			buildSettings = {
				ALWAYS_EMBED_SWIFT_STANDARD_LIBRARIES = YES;
				CODE_SIGN_STYLE = Automatic;
				CURRENT_PROJECT_VERSION = 1;
				DEVELOPMENT_TEAM = YBZ4GQ73KA;
				GENERATE_INFOPLIST_FILE = YES;
				IPHONEOS_DEPLOYMENT_TARGET = 15.2;
				MARKETING_VERSION = 1.0;
				PRODUCT_BUNDLE_IDENTIFIER = "edu.capital.nmolby.Tests-iOS";
				PRODUCT_NAME = "$(TARGET_NAME)";
				SDKROOT = iphoneos;
				SWIFT_EMIT_LOC_STRINGS = NO;
				SWIFT_VERSION = 5.0;
				TARGETED_DEVICE_FAMILY = "1,2";
				TEST_TARGET_NAME = "MachineLearning (iOS)";
				VALIDATE_PRODUCT = YES;
			};
			name = Release;
		};
		1184F206278A3BB000953E7E /* Debug */ = {
			isa = XCBuildConfiguration;
			buildSettings = {
				ALWAYS_EMBED_SWIFT_STANDARD_LIBRARIES = YES;
				CODE_SIGN_STYLE = Automatic;
				CURRENT_PROJECT_VERSION = 1;
				DEVELOPMENT_TEAM = YBZ4GQ73KA;
				GENERATE_INFOPLIST_FILE = YES;
				MACOSX_DEPLOYMENT_TARGET = 12.0;
				MARKETING_VERSION = 1.0;
				PRODUCT_BUNDLE_IDENTIFIER = "edu.capital.nmolby.Tests-macOS";
				PRODUCT_NAME = "$(TARGET_NAME)";
				SDKROOT = macosx;
				SWIFT_EMIT_LOC_STRINGS = NO;
				SWIFT_VERSION = 5.0;
				TEST_TARGET_NAME = "MachineLearning (macOS)";
			};
			name = Debug;
		};
		1184F207278A3BB000953E7E /* Release */ = {
			isa = XCBuildConfiguration;
			buildSettings = {
				ALWAYS_EMBED_SWIFT_STANDARD_LIBRARIES = YES;
				CODE_SIGN_STYLE = Automatic;
				CURRENT_PROJECT_VERSION = 1;
				DEVELOPMENT_TEAM = YBZ4GQ73KA;
				GENERATE_INFOPLIST_FILE = YES;
				MACOSX_DEPLOYMENT_TARGET = 12.0;
				MARKETING_VERSION = 1.0;
				PRODUCT_BUNDLE_IDENTIFIER = "edu.capital.nmolby.Tests-macOS";
				PRODUCT_NAME = "$(TARGET_NAME)";
				SDKROOT = macosx;
				SWIFT_EMIT_LOC_STRINGS = NO;
				SWIFT_VERSION = 5.0;
				TEST_TARGET_NAME = "MachineLearning (macOS)";
			};
			name = Release;
		};
/* End XCBuildConfiguration section */

/* Begin XCConfigurationList section */
		1184F1C3278A3BAA00953E7E /* Build configuration list for PBXProject "MachineLearning" */ = {
			isa = XCConfigurationList;
			buildConfigurations = (
				1184F1FA278A3BB000953E7E /* Debug */,
				1184F1FB278A3BB000953E7E /* Release */,
			);
			defaultConfigurationIsVisible = 0;
			defaultConfigurationName = Release;
		};
		1184F1FC278A3BB000953E7E /* Build configuration list for PBXNativeTarget "MachineLearning (iOS)" */ = {
			isa = XCConfigurationList;
			buildConfigurations = (
				1184F1FD278A3BB000953E7E /* Debug */,
				1184F1FE278A3BB000953E7E /* Release */,
			);
			defaultConfigurationIsVisible = 0;
			defaultConfigurationName = Release;
		};
		1184F1FF278A3BB000953E7E /* Build configuration list for PBXNativeTarget "MachineLearning (macOS)" */ = {
			isa = XCConfigurationList;
			buildConfigurations = (
				1184F200278A3BB000953E7E /* Debug */,
				1184F201278A3BB000953E7E /* Release */,
			);
			defaultConfigurationIsVisible = 0;
			defaultConfigurationName = Release;
		};
		1184F202278A3BB000953E7E /* Build configuration list for PBXNativeTarget "Tests iOS" */ = {
			isa = XCConfigurationList;
			buildConfigurations = (
				1184F203278A3BB000953E7E /* Debug */,
				1184F204278A3BB000953E7E /* Release */,
			);
			defaultConfigurationIsVisible = 0;
			defaultConfigurationName = Release;
		};
		1184F205278A3BB000953E7E /* Build configuration list for PBXNativeTarget "Tests macOS" */ = {
			isa = XCConfigurationList;
			buildConfigurations = (
				1184F206278A3BB000953E7E /* Debug */,
				1184F207278A3BB000953E7E /* Release */,
			);
			defaultConfigurationIsVisible = 0;
			defaultConfigurationName = Release;
		};
/* End XCConfigurationList section */

/* Begin XCVersionGroup section */
		1184F1C5278A3BAB00953E7E /* MachineLearning.xcdatamodeld */ = {
			isa = XCVersionGroup;
			children = (
				1184F1C6278A3BAB00953E7E /* Shared.xcdatamodel */,
			);
			currentVersion = 1184F1C6278A3BAB00953E7E /* Shared.xcdatamodel */;
			path = MachineLearning.xcdatamodeld;
			sourceTree = "<group>";
			versionGroupType = wrapper.xcdatamodel;
		};
/* End XCVersionGroup section */
	};
	rootObject = 1184F1C0278A3BAA00953E7E /* Project object */;
}
